
Microsoft Visual Studio Solution File, Format Version 12.00
# Visual Studio Version 17
VisualStudioVersion = 17.12.35728.132 d17.12
MinimumVisualStudioVersion = 10.0.40219.1
Project("{FAE04EC0-301F-11D3-BF4B-00C04F79EFBC}") = "OnlineResellingPlatform", "OnlineResellingPlatform\OnlineResellingPlatform.csproj", "{AB2325CF-DABC-49AA-B2CE-3E68F436DDFE}"
EndProject
Global
	GlobalSection(SolutionConfigurationPlatforms) = preSolution
		Debug|Any CPU = Debug|Any CPU
		Release|Any CPU = Release|Any CPU
	EndGlobalSection
	GlobalSection(ProjectConfigurationPlatforms) = postSolution
		{AB2325CF-DABC-49AA-B2CE-3E68F436DDFE}.Debug|Any CPU.ActiveCfg = Debug|Any CPU
		{AB2325CF-DABC-49AA-B2CE-3E68F436DDFE}.Debug|Any CPU.Build.0 = Debug|Any CPU
		{AB2325CF-DABC-49AA-B2CE-3E68F436DDFE}.Release|Any CPU.ActiveCfg = Release|Any CPU
		{AB2325CF-DABC-49AA-B2CE-3E68F436DDFE}.Release|Any CPU.Build.0 = Release|Any CPU
	EndGlobalSection
	GlobalSection(SolutionProperties) = preSolution
		HideSolutionNode = FALSE
	EndGlobalSection
EndGlobal
